
Microsoft Visual Studio Solution File, Format Version 12.00
# Visual Studio Version 17
VisualStudioVersion = 17.14.36518.9 d17.14
MinimumVisualStudioVersion = 10.0.40219.1
Project("{FAE04EC0-301F-11D3-BF4B-00C04F79EFBC}") = "BtcDaily", "BtcDaily\BtcDaily.csproj", "{C413DEAC-6E98-4BC7-86E3-36A9F096DA18}"
EndProject
Global
	GlobalSection(SolutionConfigurationPlatforms) = preSolution
		Debug|Any CPU = Debug|Any CPU
		Release|Any CPU = Release|Any CPU
	EndGlobalSection
	GlobalSection(ProjectConfigurationPlatforms) = postSolution
		{C413DEAC-6E98-4BC7-86E3-36A9F096DA18}.Debug|Any CPU.ActiveCfg = Debug|Any CPU
		{C413DEAC-6E98-4BC7-86E3-36A9F096DA18}.Debug|Any CPU.Build.0 = Debug|Any CPU
		{C413DEAC-6E98-4BC7-86E3-36A9F096DA18}.Release|Any CPU.ActiveCfg = Release|Any CPU
		{C413DEAC-6E98-4BC7-86E3-36A9F096DA18}.Release|Any CPU.Build.0 = Release|Any CPU
	EndGlobalSection
	GlobalSection(SolutionProperties) = preSolution
		HideSolutionNode = FALSE
	EndGlobalSection
	GlobalSection(ExtensibilityGlobals) = postSolution
		SolutionGuid = {4FA30920-A29C-4D6C-BC16-865D12887B8A}
	EndGlobalSection
EndGlobal
